{"version":4,"terraform_version":"1.10.5","serial":2,"lineage":"856d61bb-f2ec-c488-32e4-d9da7c004d53","outputs":{},"resources":[{"mode":"managed","type":"docker_network","name":"aegis_net","provider":"provider[\"registry.opentofu.org/kreuzwerker/docker\"]","instances":[{"schema_version":1,"attributes":{"attachable":false,"check_duplicate":null,"driver":"bridge","id":"0021acf4f35ab9706ceac0d93c4182779f5051384c0b4587ed162e22dd3913c7","ingress":false,"internal":false,"ipam_config":[{"aux_address":{},"gateway":"172.18.0.1","ip_range":"","subnet":"172.18.0.0/16"}],"ipam_driver":"default","ipam_options":{},"ipv6":false,"labels":[],"name":"aegis-net","options":{},"scope":"local"},"sensitive_attributes":[],"private":"eyJzY2hlbWFfdmVyc2lvbiI6IjEifQ=="}]}],"check_results":null}
